
Microsoft Visual Studio Solution File, Format Version 12.00
# Visual Studio 15
VisualStudioVersion = 15.0.26430.13
MinimumVisualStudioVersion = 10.0.40219.1
Project("{FAE04EC0-301F-11D3-BF4B-00C04F79EFBC}") = "IStringLocalizerKeyExtractorWinForm", "IStringLocalizerKeyExtractorWinForm\IStringLocalizerKeyExtractorWinForm.csproj", "{96F604BB-DF6A-4B4A-8756-9F7AB1CE665A}"
EndProject
Project("{FAE04EC0-301F-11D3-BF4B-00C04F79EFBC}") = "Core", "Core\Core.csproj", "{AD09453C-EAD5-4F9E-984C-DCADD0087902}"
EndProject
Global
	GlobalSection(SolutionConfigurationPlatforms) = preSolution
		Debug|Any CPU = Debug|Any CPU
		Release|Any CPU = Release|Any CPU
	EndGlobalSection
	GlobalSection(ProjectConfigurationPlatforms) = postSolution
		{96F604BB-DF6A-4B4A-8756-9F7AB1CE665A}.Debug|Any CPU.ActiveCfg = Debug|Any CPU
		{96F604BB-DF6A-4B4A-8756-9F7AB1CE665A}.Debug|Any CPU.Build.0 = Debug|Any CPU
		{96F604BB-DF6A-4B4A-8756-9F7AB1CE665A}.Release|Any CPU.ActiveCfg = Release|Any CPU
		{96F604BB-DF6A-4B4A-8756-9F7AB1CE665A}.Release|Any CPU.Build.0 = Release|Any CPU
		{AD09453C-EAD5-4F9E-984C-DCADD0087902}.Debug|Any CPU.ActiveCfg = Debug|Any CPU
		{AD09453C-EAD5-4F9E-984C-DCADD0087902}.Debug|Any CPU.Build.0 = Debug|Any CPU
		{AD09453C-EAD5-4F9E-984C-DCADD0087902}.Release|Any CPU.ActiveCfg = Release|Any CPU
		{AD09453C-EAD5-4F9E-984C-DCADD0087902}.Release|Any CPU.Build.0 = Release|Any CPU
	EndGlobalSection
	GlobalSection(SolutionProperties) = preSolution
		HideSolutionNode = FALSE
	EndGlobalSection
EndGlobal
